
Microsoft Visual Studio Solution File, Format Version 12.00
# Visual Studio Version 17
VisualStudioVersion = 17.14.36915.13 d17.14
MinimumVisualStudioVersion = 10.0.40219.1
Project("{FAE04EC0-301F-11D3-BF4B-00C04F79EFBC}") = "ProductManagementMVC", "ProductStore\ProductManagementMVC.csproj", "{3F85BF6A-2291-4A5A-8446-937FC3AF09E5}"
EndProject
Project("{FAE04EC0-301F-11D3-BF4B-00C04F79EFBC}") = "BusinessObjects", "BusinessObjects\BusinessObjects.csproj", "{8D86F7FD-62FF-4698-A00B-27256CB82F89}"
EndProject
Project("{FAE04EC0-301F-11D3-BF4B-00C04F79EFBC}") = "DataAccessObjects", "DataAccessObjects\DataAccessObjects.csproj", "{A28C6A58-DDFC-4D36-9688-664D4E7DE501}"
EndProject
Project("{FAE04EC0-301F-11D3-BF4B-00C04F79EFBC}") = "Repositories", "Repositories\Repositories.csproj", "{580439EA-D116-42D4-BB26-3AB6C34CCB61}"
EndProject
Project("{FAE04EC0-301F-11D3-BF4B-00C04F79EFBC}") = "Services", "Services\Services.csproj", "{D469D511-1402-4DAD-B0E2-0D96ED8BEE6D}"
EndProject
Global
	GlobalSection(SolutionConfigurationPlatforms) = preSolution
		Debug|Any CPU = Debug|Any CPU
		Release|Any CPU = Release|Any CPU
	EndGlobalSection
	GlobalSection(ProjectConfigurationPlatforms) = postSolution
		{3F85BF6A-2291-4A5A-8446-937FC3AF09E5}.Debug|Any CPU.ActiveCfg = Debug|Any CPU
		{3F85BF6A-2291-4A5A-8446-937FC3AF09E5}.Debug|Any CPU.Build.0 = Debug|Any CPU
		{3F85BF6A-2291-4A5A-8446-937FC3AF09E5}.Release|Any CPU.ActiveCfg = Release|Any CPU
		{3F85BF6A-2291-4A5A-8446-937FC3AF09E5}.Release|Any CPU.Build.0 = Release|Any CPU
		{8D86F7FD-62FF-4698-A00B-27256CB82F89}.Debug|Any CPU.ActiveCfg = Debug|Any CPU
		{8D86F7FD-62FF-4698-A00B-27256CB82F89}.Debug|Any CPU.Build.0 = Debug|Any CPU
		{8D86F7FD-62FF-4698-A00B-27256CB82F89}.Release|Any CPU.ActiveCfg = Release|Any CPU
		{8D86F7FD-62FF-4698-A00B-27256CB82F89}.Release|Any CPU.Build.0 = Release|Any CPU
		{A28C6A58-DDFC-4D36-9688-664D4E7DE501}.Debug|Any CPU.ActiveCfg = Debug|Any CPU
		{A28C6A58-DDFC-4D36-9688-664D4E7DE501}.Debug|Any CPU.Build.0 = Debug|Any CPU
		{A28C6A58-DDFC-4D36-9688-664D4E7DE501}.Release|Any CPU.ActiveCfg = Release|Any CPU
		{A28C6A58-DDFC-4D36-9688-664D4E7DE501}.Release|Any CPU.Build.0 = Release|Any CPU
		{580439EA-D116-42D4-BB26-3AB6C34CCB61}.Debug|Any CPU.ActiveCfg = Debug|Any CPU
		{580439EA-D116-42D4-BB26-3AB6C34CCB61}.Debug|Any CPU.Build.0 = Debug|Any CPU
		{580439EA-D116-42D4-BB26-3AB6C34CCB61}.Release|Any CPU.ActiveCfg = Release|Any CPU
		{580439EA-D116-42D4-BB26-3AB6C34CCB61}.Release|Any CPU.Build.0 = Release|Any CPU
		{D469D511-1402-4DAD-B0E2-0D96ED8BEE6D}.Debug|Any CPU.ActiveCfg = Debug|Any CPU
		{D469D511-1402-4DAD-B0E2-0D96ED8BEE6D}.Debug|Any CPU.Build.0 = Debug|Any CPU
		{D469D511-1402-4DAD-B0E2-0D96ED8BEE6D}.Release|Any CPU.ActiveCfg = Release|Any CPU
		{D469D511-1402-4DAD-B0E2-0D96ED8BEE6D}.Release|Any CPU.Build.0 = Release|Any CPU
	EndGlobalSection
	GlobalSection(SolutionProperties) = preSolution
		HideSolutionNode = FALSE
	EndGlobalSection
	GlobalSection(ExtensibilityGlobals) = postSolution
		SolutionGuid = {303F6185-2B3B-4F48-99E2-E48738E4FABF}
	EndGlobalSection
EndGlobal
